
Microsoft Visual Studio Solution File, Format Version 12.00
# Visual Studio Express 2012 for Windows Desktop
Project("{8BC9CEB8-8B4A-11D0-8D11-00A0C91BC942}") = "HW2_01", "HW2_01\HW2_01.vcxproj", "{0B9191C9-8EF0-434E-BF96-BADBFA4CD9FC}"
EndProject
Project("{8BC9CEB8-8B4A-11D0-8D11-00A0C91BC942}") = "HW2_02", "HW2_02\HW2_02.vcxproj", "{F0AAEE3D-318D-400B-9C6E-97CC28CE342E}"
EndProject
Project("{8BC9CEB8-8B4A-11D0-8D11-00A0C91BC942}") = "HW2_03", "HW2_03\HW2_03.vcxproj", "{19577686-513E-40ED-852A-802FE569CBB2}"
EndProject
Project("{8BC9CEB8-8B4A-11D0-8D11-00A0C91BC942}") = "HW2_04", "HW2_04\HW2_04.vcxproj", "{01D42658-EBC3-477F-85EC-798CFBECD678}"
EndProject
Project("{8BC9CEB8-8B4A-11D0-8D11-00A0C91BC942}") = "HW2_05", "HW2_05\HW2_05.vcxproj", "{C7FB3CD7-A7BC-4881-A95F-6F104A5EE793}"
EndProject
Project("{8BC9CEB8-8B4A-11D0-8D11-00A0C91BC942}") = "20181023_함수", "20181023_함수\20181023_함수.vcxproj", "{5448D64E-C52B-408C-9A47-77328AD3E6DD}"
EndProject
Project("{8BC9CEB8-8B4A-11D0-8D11-00A0C91BC942}") = "HW2_06", "HW2_06\HW2_06.vcxproj", "{A612AF61-7162-4673-B946-AC83EDA63E47}"
EndProject
Project("{8BC9CEB8-8B4A-11D0-8D11-00A0C91BC942}") = "HW2_07", "HW2_07\HW2_07.vcxproj", "{08876C45-6D6F-4DFF-956B-4DB2C75BE17E}"
EndProject
Project("{8BC9CEB8-8B4A-11D0-8D11-00A0C91BC942}") = "HW2_08", "HW2_08\HW2_08.vcxproj", "{A260F6F3-AC9F-457D-A66C-70444E7F3D9E}"
EndProject
Project("{8BC9CEB8-8B4A-11D0-8D11-00A0C91BC942}") = "HW2_09", "HW2_09\HW2_09.vcxproj", "{5D2DDFC1-64B6-4410-908F-8BFC002225E1}"
EndProject
Project("{8BC9CEB8-8B4A-11D0-8D11-00A0C91BC942}") = "HW2_10", "HW2_10\HW2_10.vcxproj", "{C5E92001-2419-48EE-801F-2A319587D542}"
EndProject
Project("{8BC9CEB8-8B4A-11D0-8D11-00A0C91BC942}") = "HW2_11", "HW2_11\HW2_11.vcxproj", "{47810001-252A-429C-84AA-F68FE8AAC777}"
EndProject
Project("{8BC9CEB8-8B4A-11D0-8D11-00A0C91BC942}") = "HW2_12", "HW2_12\HW2_12.vcxproj", "{52DF08D6-8341-4402-9248-519424B3A36B}"
EndProject
Project("{8BC9CEB8-8B4A-11D0-8D11-00A0C91BC942}") = "HW2_13", "HW2_13\HW2_13.vcxproj", "{A75121C9-33F7-4E3C-A651-670304C8BB99}"
EndProject
Project("{8BC9CEB8-8B4A-11D0-8D11-00A0C91BC942}") = "HW2_14", "HW2_14\HW2_14.vcxproj", "{0B1BAC8D-0326-4830-81A5-C43CFF1DAAFE}"
EndProject
Project("{8BC9CEB8-8B4A-11D0-8D11-00A0C91BC942}") = "HW2_15", "HW2_15\HW2_15.vcxproj", "{FB60D2E3-9000-4F0A-979F-898CDF981CFD}"
EndProject
Project("{8BC9CEB8-8B4A-11D0-8D11-00A0C91BC942}") = "HW2_16", "HW2_16\HW2_16.vcxproj", "{A498FC32-9169-4064-85DF-A30B096E3BA0}"
EndProject
Project("{8BC9CEB8-8B4A-11D0-8D11-00A0C91BC942}") = "HW2_17", "HW2_17\HW2_17.vcxproj", "{3FB10B5E-A4BE-4D88-B887-BD0B461E0075}"
EndProject
Project("{8BC9CEB8-8B4A-11D0-8D11-00A0C91BC942}") = "HW2_18", "HW2_18\HW2_18.vcxproj", "{259841A8-6939-45AB-8A8A-BC146EA4AD39}"
EndProject
Project("{8BC9CEB8-8B4A-11D0-8D11-00A0C91BC942}") = "HW2_19", "HW2_19\HW2_19.vcxproj", "{147AA9B4-9AB4-4F0F-AFF0-085838A44DEC}"
EndProject
Project("{8BC9CEB8-8B4A-11D0-8D11-00A0C91BC942}") = "HW2_20", "HW2_20\HW2_20.vcxproj", "{F4515BA3-C680-4298-B8C1-CC310A7B3CD1}"
EndProject
Project("{8BC9CEB8-8B4A-11D0-8D11-00A0C91BC942}") = "HW2_21", "HW2_21\HW2_21.vcxproj", "{E484F959-D995-41E7-8BBC-846D55DEAEAA}"
EndProject
Project("{8BC9CEB8-8B4A-11D0-8D11-00A0C91BC942}") = "HW2_22", "HW2_22\HW2_22.vcxproj", "{ABF88552-A407-4A19-9FEC-72AEFABF8E7E}"
EndProject
Project("{8BC9CEB8-8B4A-11D0-8D11-00A0C91BC942}") = "HW2_23", "HW2_23\HW2_23.vcxproj", "{336131C2-CB85-42B7-8209-4A757120BEA6}"
EndProject
Project("{8BC9CEB8-8B4A-11D0-8D11-00A0C91BC942}") = "HW2_24", "HW2_24\HW2_24.vcxproj", "{C603119B-C766-4A6E-B816-D6771A63C2DF}"
EndProject
Project("{8BC9CEB8-8B4A-11D0-8D11-00A0C91BC942}") = "HW2_25", "HW2_25\HW2_25.vcxproj", "{48EC405C-FFB9-4B3B-9A91-35A1D15F7B45}"
EndProject
Project("{8BC9CEB8-8B4A-11D0-8D11-00A0C91BC942}") = "20181030_함수", "20181030_함수\20181030_함수.vcxproj", "{BA71FD48-05B3-4241-B0E1-613F33A3AF65}"
EndProject
Project("{8BC9CEB8-8B4A-11D0-8D11-00A0C91BC942}") = "HW1_01", "HW1_01\HW1_01.vcxproj", "{EB5906FA-CC46-43F6-B3DA-E1E63C4DC965}"
EndProject
Project("{8BC9CEB8-8B4A-11D0-8D11-00A0C91BC942}") = "HW1_02", "HW1_02\HW1_02.vcxproj", "{E41ED297-E804-4C4F-AE70-3B8D53E7B296}"
EndProject
Project("{8BC9CEB8-8B4A-11D0-8D11-00A0C91BC942}") = "HW1_03", "HW1_03\HW1_03.vcxproj", "{059B4905-523F-446D-94BF-144951916E7B}"
EndProject
Project("{8BC9CEB8-8B4A-11D0-8D11-00A0C91BC942}") = "HW1_04", "HW1_04\HW1_04.vcxproj", "{B3407555-66E0-4E61-97B2-178C315E857C}"
EndProject
Project("{8BC9CEB8-8B4A-11D0-8D11-00A0C91BC942}") = "HW1_05", "HW1_05\HW1_05.vcxproj", "{767AD254-C0A3-4252-A496-A39BF4C16861}"
EndProject
Project("{8BC9CEB8-8B4A-11D0-8D11-00A0C91BC942}") = "HW1_06", "HW1_06\HW1_06.vcxproj", "{6D7AFD59-39D4-49B3-AA7E-7036067D530C}"
EndProject
Project("{8BC9CEB8-8B4A-11D0-8D11-00A0C91BC942}") = "20180911_helloworld", "20180911_helloworld\20180911_helloworld.vcxproj", "{4E738AF2-3FD7-4F47-BBC0-F9DDB9FC13D6}"
EndProject
Project("{8BC9CEB8-8B4A-11D0-8D11-00A0C91BC942}") = "20181002_변수와자료형", "20181002_변수와자료형\20181002_변수와자료형.vcxproj", "{6917EB2B-5A77-4027-BF57-DBF360EEB083}"
EndProject
Project("{8BC9CEB8-8B4A-11D0-8D11-00A0C91BC942}") = "HW3_01", "HW3_01\HW3_01.vcxproj", "{58526D00-2554-4D19-89AE-12B3CD6CFD21}"
EndProject
Project("{8BC9CEB8-8B4A-11D0-8D11-00A0C91BC942}") = "HW3_07", "HW3_07\HW3_07.vcxproj", "{D993CE81-7D4E-4AD9-935D-64FB37E0CCA7}"
EndProject
Project("{8BC9CEB8-8B4A-11D0-8D11-00A0C91BC942}") = "20181016_반복문", "20181016_반복문\20181016_반복문.vcxproj", "{132CBE29-3EC9-4E02-9D30-C6AA89151C47}"
EndProject
Global
	GlobalSection(SolutionConfigurationPlatforms) = preSolution
		Debug|Win32 = Debug|Win32
		Release|Win32 = Release|Win32
	EndGlobalSection
	GlobalSection(ProjectConfigurationPlatforms) = postSolution
		{0B9191C9-8EF0-434E-BF96-BADBFA4CD9FC}.Debug|Win32.ActiveCfg = Debug|Win32
		{0B9191C9-8EF0-434E-BF96-BADBFA4CD9FC}.Debug|Win32.Build.0 = Debug|Win32
		{0B9191C9-8EF0-434E-BF96-BADBFA4CD9FC}.Release|Win32.ActiveCfg = Release|Win32
		{0B9191C9-8EF0-434E-BF96-BADBFA4CD9FC}.Release|Win32.Build.0 = Release|Win32
		{F0AAEE3D-318D-400B-9C6E-97CC28CE342E}.Debug|Win32.ActiveCfg = Debug|Win32
		{F0AAEE3D-318D-400B-9C6E-97CC28CE342E}.Debug|Win32.Build.0 = Debug|Win32
		{F0AAEE3D-318D-400B-9C6E-97CC28CE342E}.Release|Win32.ActiveCfg = Release|Win32
		{F0AAEE3D-318D-400B-9C6E-97CC28CE342E}.Release|Win32.Build.0 = Release|Win32
		{19577686-513E-40ED-852A-802FE569CBB2}.Debug|Win32.ActiveCfg = Debug|Win32
		{19577686-513E-40ED-852A-802FE569CBB2}.Debug|Win32.Build.0 = Debug|Win32
		{19577686-513E-40ED-852A-802FE569CBB2}.Release|Win32.ActiveCfg = Release|Win32
		{19577686-513E-40ED-852A-802FE569CBB2}.Release|Win32.Build.0 = Release|Win32
		{01D42658-EBC3-477F-85EC-798CFBECD678}.Debug|Win32.ActiveCfg = Debug|Win32
		{01D42658-EBC3-477F-85EC-798CFBECD678}.Debug|Win32.Build.0 = Debug|Win32
		{01D42658-EBC3-477F-85EC-798CFBECD678}.Release|Win32.ActiveCfg = Release|Win32
		{01D42658-EBC3-477F-85EC-798CFBECD678}.Release|Win32.Build.0 = Release|Win32
		{C7FB3CD7-A7BC-4881-A95F-6F104A5EE793}.Debug|Win32.ActiveCfg = Debug|Win32
		{C7FB3CD7-A7BC-4881-A95F-6F104A5EE793}.Debug|Win32.Build.0 = Debug|Win32
		{C7FB3CD7-A7BC-4881-A95F-6F104A5EE793}.Release|Win32.ActiveCfg = Release|Win32
		{C7FB3CD7-A7BC-4881-A95F-6F104A5EE793}.Release|Win32.Build.0 = Release|Win32
		{5448D64E-C52B-408C-9A47-77328AD3E6DD}.Debug|Win32.ActiveCfg = Debug|Win32
		{5448D64E-C52B-408C-9A47-77328AD3E6DD}.Debug|Win32.Build.0 = Debug|Win32
		{5448D64E-C52B-408C-9A47-77328AD3E6DD}.Release|Win32.ActiveCfg = Release|Win32
		{5448D64E-C52B-408C-9A47-77328AD3E6DD}.Release|Win32.Build.0 = Release|Win32
		{A612AF61-7162-4673-B946-AC83EDA63E47}.Debug|Win32.ActiveCfg = Debug|Win32
		{A612AF61-7162-4673-B946-AC83EDA63E47}.Debug|Win32.Build.0 = Debug|Win32
		{A612AF61-7162-4673-B946-AC83EDA63E47}.Release|Win32.ActiveCfg = Release|Win32
		{A612AF61-7162-4673-B946-AC83EDA63E47}.Release|Win32.Build.0 = Release|Win32
		{08876C45-6D6F-4DFF-956B-4DB2C75BE17E}.Debug|Win32.ActiveCfg = Debug|Win32
		{08876C45-6D6F-4DFF-956B-4DB2C75BE17E}.Debug|Win32.Build.0 = Debug|Win32
		{08876C45-6D6F-4DFF-956B-4DB2C75BE17E}.Release|Win32.ActiveCfg = Release|Win32
		{08876C45-6D6F-4DFF-956B-4DB2C75BE17E}.Release|Win32.Build.0 = Release|Win32
		{A260F6F3-AC9F-457D-A66C-70444E7F3D9E}.Debug|Win32.ActiveCfg = Debug|Win32
		{A260F6F3-AC9F-457D-A66C-70444E7F3D9E}.Debug|Win32.Build.0 = Debug|Win32
		{A260F6F3-AC9F-457D-A66C-70444E7F3D9E}.Release|Win32.ActiveCfg = Release|Win32
		{A260F6F3-AC9F-457D-A66C-70444E7F3D9E}.Release|Win32.Build.0 = Release|Win32
		{5D2DDFC1-64B6-4410-908F-8BFC002225E1}.Debug|Win32.ActiveCfg = Debug|Win32
		{5D2DDFC1-64B6-4410-908F-8BFC002225E1}.Debug|Win32.Build.0 = Debug|Win32
		{5D2DDFC1-64B6-4410-908F-8BFC002225E1}.Release|Win32.ActiveCfg = Release|Win32
		{5D2DDFC1-64B6-4410-908F-8BFC002225E1}.Release|Win32.Build.0 = Release|Win32
		{C5E92001-2419-48EE-801F-2A319587D542}.Debug|Win32.ActiveCfg = Debug|Win32
		{C5E92001-2419-48EE-801F-2A319587D542}.Debug|Win32.Build.0 = Debug|Win32
		{C5E92001-2419-48EE-801F-2A319587D542}.Release|Win32.ActiveCfg = Release|Win32
		{C5E92001-2419-48EE-801F-2A319587D542}.Release|Win32.Build.0 = Release|Win32
		{47810001-252A-429C-84AA-F68FE8AAC777}.Debug|Win32.ActiveCfg = Debug|Win32
		{47810001-252A-429C-84AA-F68FE8AAC777}.Debug|Win32.Build.0 = Debug|Win32
		{47810001-252A-429C-84AA-F68FE8AAC777}.Release|Win32.ActiveCfg = Release|Win32
		{47810001-252A-429C-84AA-F68FE8AAC777}.Release|Win32.Build.0 = Release|Win32
		{52DF08D6-8341-4402-9248-519424B3A36B}.Debug|Win32.ActiveCfg = Debug|Win32
		{52DF08D6-8341-4402-9248-519424B3A36B}.Debug|Win32.Build.0 = Debug|Win32
		{52DF08D6-8341-4402-9248-519424B3A36B}.Release|Win32.ActiveCfg = Release|Win32
		{52DF08D6-8341-4402-9248-519424B3A36B}.Release|Win32.Build.0 = Release|Win32
		{A75121C9-33F7-4E3C-A651-670304C8BB99}.Debug|Win32.ActiveCfg = Debug|Win32
		{A75121C9-33F7-4E3C-A651-670304C8BB99}.Debug|Win32.Build.0 = Debug|Win32
		{A75121C9-33F7-4E3C-A651-670304C8BB99}.Release|Win32.ActiveCfg = Release|Win32
		{A75121C9-33F7-4E3C-A651-670304C8BB99}.Release|Win32.Build.0 = Release|Win32
		{0B1BAC8D-0326-4830-81A5-C43CFF1DAAFE}.Debug|Win32.ActiveCfg = Debug|Win32
		{0B1BAC8D-0326-4830-81A5-C43CFF1DAAFE}.Debug|Win32.Build.0 = Debug|Win32
		{0B1BAC8D-0326-4830-81A5-C43CFF1DAAFE}.Release|Win32.ActiveCfg = Release|Win32
		{0B1BAC8D-0326-4830-81A5-C43CFF1DAAFE}.Release|Win32.Build.0 = Release|Win32
		{FB60D2E3-9000-4F0A-979F-898CDF981CFD}.Debug|Win32.ActiveCfg = Debug|Win32
		{FB60D2E3-9000-4F0A-979F-898CDF981CFD}.Debug|Win32.Build.0 = Debug|Win32
		{FB60D2E3-9000-4F0A-979F-898CDF981CFD}.Release|Win32.ActiveCfg = Release|Win32
		{FB60D2E3-9000-4F0A-979F-898CDF981CFD}.Release|Win32.Build.0 = Release|Win32
		{A498FC32-9169-4064-85DF-A30B096E3BA0}.Debug|Win32.ActiveCfg = Debug|Win32
		{A498FC32-9169-4064-85DF-A30B096E3BA0}.Debug|Win32.Build.0 = Debug|Win32
		{A498FC32-9169-4064-85DF-A30B096E3BA0}.Release|Win32.ActiveCfg = Release|Win32
		{A498FC32-9169-4064-85DF-A30B096E3BA0}.Release|Win32.Build.0 = Release|Win32
		{3FB10B5E-A4BE-4D88-B887-BD0B461E0075}.Debug|Win32.ActiveCfg = Debug|Win32
		{3FB10B5E-A4BE-4D88-B887-BD0B461E0075}.Debug|Win32.Build.0 = Debug|Win32
		{3FB10B5E-A4BE-4D88-B887-BD0B461E0075}.Release|Win32.ActiveCfg = Release|Win32
		{3FB10B5E-A4BE-4D88-B887-BD0B461E0075}.Release|Win32.Build.0 = Release|Win32
		{259841A8-6939-45AB-8A8A-BC146EA4AD39}.Debug|Win32.ActiveCfg = Debug|Win32
		{259841A8-6939-45AB-8A8A-BC146EA4AD39}.Debug|Win32.Build.0 = Debug|Win32
		{259841A8-6939-45AB-8A8A-BC146EA4AD39}.Release|Win32.ActiveCfg = Release|Win32
		{259841A8-6939-45AB-8A8A-BC146EA4AD39}.Release|Win32.Build.0 = Release|Win32
		{147AA9B4-9AB4-4F0F-AFF0-085838A44DEC}.Debug|Win32.ActiveCfg = Debug|Win32
		{147AA9B4-9AB4-4F0F-AFF0-085838A44DEC}.Debug|Win32.Build.0 = Debug|Win32
		{147AA9B4-9AB4-4F0F-AFF0-085838A44DEC}.Release|Win32.ActiveCfg = Release|Win32
		{147AA9B4-9AB4-4F0F-AFF0-085838A44DEC}.Release|Win32.Build.0 = Release|Win32
		{F4515BA3-C680-4298-B8C1-CC310A7B3CD1}.Debug|Win32.ActiveCfg = Debug|Win32
		{F4515BA3-C680-4298-B8C1-CC310A7B3CD1}.Debug|Win32.Build.0 = Debug|Win32
		{F4515BA3-C680-4298-B8C1-CC310A7B3CD1}.Release|Win32.ActiveCfg = Release|Win32
		{F4515BA3-C680-4298-B8C1-CC310A7B3CD1}.Release|Win32.Build.0 = Release|Win32
		{E484F959-D995-41E7-8BBC-846D55DEAEAA}.Debug|Win32.ActiveCfg = Debug|Win32
		{E484F959-D995-41E7-8BBC-846D55DEAEAA}.Debug|Win32.Build.0 = Debug|Win32
		{E484F959-D995-41E7-8BBC-846D55DEAEAA}.Release|Win32.ActiveCfg = Release|Win32
		{E484F959-D995-41E7-8BBC-846D55DEAEAA}.Release|Win32.Build.0 = Release|Win32
		{ABF88552-A407-4A19-9FEC-72AEFABF8E7E}.Debug|Win32.ActiveCfg = Debug|Win32
		{ABF88552-A407-4A19-9FEC-72AEFABF8E7E}.Debug|Win32.Build.0 = Debug|Win32
		{ABF88552-A407-4A19-9FEC-72AEFABF8E7E}.Release|Win32.ActiveCfg = Release|Win32
		{ABF88552-A407-4A19-9FEC-72AEFABF8E7E}.Release|Win32.Build.0 = Release|Win32
		{336131C2-CB85-42B7-8209-4A757120BEA6}.Debug|Win32.ActiveCfg = Debug|Win32
		{336131C2-CB85-42B7-8209-4A757120BEA6}.Debug|Win32.Build.0 = Debug|Win32
		{336131C2-CB85-42B7-8209-4A757120BEA6}.Release|Win32.ActiveCfg = Release|Win32
		{336131C2-CB85-42B7-8209-4A757120BEA6}.Release|Win32.Build.0 = Release|Win32
		{C603119B-C766-4A6E-B816-D6771A63C2DF}.Debug|Win32.ActiveCfg = Debug|Win32
		{C603119B-C766-4A6E-B816-D6771A63C2DF}.Debug|Win32.Build.0 = Debug|Win32
		{C603119B-C766-4A6E-B816-D6771A63C2DF}.Release|Win32.ActiveCfg = Release|Win32
		{C603119B-C766-4A6E-B816-D6771A63C2DF}.Release|Win32.Build.0 = Release|Win32
		{48EC405C-FFB9-4B3B-9A91-35A1D15F7B45}.Debug|Win32.ActiveCfg = Debug|Win32
		{48EC405C-FFB9-4B3B-9A91-35A1D15F7B45}.Debug|Win32.Build.0 = Debug|Win32
		{48EC405C-FFB9-4B3B-9A91-35A1D15F7B45}.Release|Win32.ActiveCfg = Release|Win32
		{48EC405C-FFB9-4B3B-9A91-35A1D15F7B45}.Release|Win32.Build.0 = Release|Win32
		{BA71FD48-05B3-4241-B0E1-613F33A3AF65}.Debug|Win32.ActiveCfg = Debug|Win32
		{BA71FD48-05B3-4241-B0E1-613F33A3AF65}.Debug|Win32.Build.0 = Debug|Win32
		{BA71FD48-05B3-4241-B0E1-613F33A3AF65}.Release|Win32.ActiveCfg = Release|Win32
		{BA71FD48-05B3-4241-B0E1-613F33A3AF65}.Release|Win32.Build.0 = Release|Win32
		{EB5906FA-CC46-43F6-B3DA-E1E63C4DC965}.Debug|Win32.ActiveCfg = Debug|Win32
		{EB5906FA-CC46-43F6-B3DA-E1E63C4DC965}.Debug|Win32.Build.0 = Debug|Win32
		{EB5906FA-CC46-43F6-B3DA-E1E63C4DC965}.Release|Win32.ActiveCfg = Release|Win32
		{EB5906FA-CC46-43F6-B3DA-E1E63C4DC965}.Release|Win32.Build.0 = Release|Win32
		{E41ED297-E804-4C4F-AE70-3B8D53E7B296}.Debug|Win32.ActiveCfg = Debug|Win32
		{E41ED297-E804-4C4F-AE70-3B8D53E7B296}.Debug|Win32.Build.0 = Debug|Win32
		{E41ED297-E804-4C4F-AE70-3B8D53E7B296}.Release|Win32.ActiveCfg = Release|Win32
		{E41ED297-E804-4C4F-AE70-3B8D53E7B296}.Release|Win32.Build.0 = Release|Win32
		{059B4905-523F-446D-94BF-144951916E7B}.Debug|Win32.ActiveCfg = Debug|Win32
		{059B4905-523F-446D-94BF-144951916E7B}.Debug|Win32.Build.0 = Debug|Win32
		{059B4905-523F-446D-94BF-144951916E7B}.Release|Win32.ActiveCfg = Release|Win32
		{059B4905-523F-446D-94BF-144951916E7B}.Release|Win32.Build.0 = Release|Win32
		{B3407555-66E0-4E61-97B2-178C315E857C}.Debug|Win32.ActiveCfg = Debug|Win32
		{B3407555-66E0-4E61-97B2-178C315E857C}.Debug|Win32.Build.0 = Debug|Win32
		{B3407555-66E0-4E61-97B2-178C315E857C}.Release|Win32.ActiveCfg = Release|Win32
		{B3407555-66E0-4E61-97B2-178C315E857C}.Release|Win32.Build.0 = Release|Win32
		{767AD254-C0A3-4252-A496-A39BF4C16861}.Debug|Win32.ActiveCfg = Debug|Win32
		{767AD254-C0A3-4252-A496-A39BF4C16861}.Debug|Win32.Build.0 = Debug|Win32
		{767AD254-C0A3-4252-A496-A39BF4C16861}.Release|Win32.ActiveCfg = Release|Win32
		{767AD254-C0A3-4252-A496-A39BF4C16861}.Release|Win32.Build.0 = Release|Win32
		{6D7AFD59-39D4-49B3-AA7E-7036067D530C}.Debug|Win32.ActiveCfg = Debug|Win32
		{6D7AFD59-39D4-49B3-AA7E-7036067D530C}.Debug|Win32.Build.0 = Debug|Win32
		{6D7AFD59-39D4-49B3-AA7E-7036067D530C}.Release|Win32.ActiveCfg = Release|Win32
		{6D7AFD59-39D4-49B3-AA7E-7036067D530C}.Release|Win32.Build.0 = Release|Win32
		{4E738AF2-3FD7-4F47-BBC0-F9DDB9FC13D6}.Debug|Win32.ActiveCfg = Debug|Win32
		{4E738AF2-3FD7-4F47-BBC0-F9DDB9FC13D6}.Debug|Win32.Build.0 = Debug|Win32
		{4E738AF2-3FD7-4F47-BBC0-F9DDB9FC13D6}.Release|Win32.ActiveCfg = Release|Win32
		{4E738AF2-3FD7-4F47-BBC0-F9DDB9FC13D6}.Release|Win32.Build.0 = Release|Win32
		{6917EB2B-5A77-4027-BF57-DBF360EEB083}.Debug|Win32.ActiveCfg = Debug|Win32
		{6917EB2B-5A77-4027-BF57-DBF360EEB083}.Debug|Win32.Build.0 = Debug|Win32
		{6917EB2B-5A77-4027-BF57-DBF360EEB083}.Release|Win32.ActiveCfg = Release|Win32
		{6917EB2B-5A77-4027-BF57-DBF360EEB083}.Release|Win32.Build.0 = Release|Win32
		{58526D00-2554-4D19-89AE-12B3CD6CFD21}.Debug|Win32.ActiveCfg = Debug|Win32
		{58526D00-2554-4D19-89AE-12B3CD6CFD21}.Debug|Win32.Build.0 = Debug|Win32
		{58526D00-2554-4D19-89AE-12B3CD6CFD21}.Release|Win32.ActiveCfg = Release|Win32
		{58526D00-2554-4D19-89AE-12B3CD6CFD21}.Release|Win32.Build.0 = Release|Win32
		{D993CE81-7D4E-4AD9-935D-64FB37E0CCA7}.Debug|Win32.ActiveCfg = Debug|Win32
		{D993CE81-7D4E-4AD9-935D-64FB37E0CCA7}.Debug|Win32.Build.0 = Debug|Win32
		{D993CE81-7D4E-4AD9-935D-64FB37E0CCA7}.Release|Win32.ActiveCfg = Release|Win32
		{D993CE81-7D4E-4AD9-935D-64FB37E0CCA7}.Release|Win32.Build.0 = Release|Win32
		{132CBE29-3EC9-4E02-9D30-C6AA89151C47}.Debug|Win32.ActiveCfg = Debug|Win32
		{132CBE29-3EC9-4E02-9D30-C6AA89151C47}.Debug|Win32.Build.0 = Debug|Win32
		{132CBE29-3EC9-4E02-9D30-C6AA89151C47}.Release|Win32.ActiveCfg = Release|Win32
		{132CBE29-3EC9-4E02-9D30-C6AA89151C47}.Release|Win32.Build.0 = Release|Win32
	EndGlobalSection
	GlobalSection(SolutionProperties) = preSolution
		HideSolutionNode = FALSE
	EndGlobalSection
EndGlobal
